// !$*UTF8*$!
{
	archiveVersion = 1;
	classes = {
	};
	objectVersion = 56;
	objects = {

/* Begin PBXBuildFile section */
		83C84354291AAF49006DB574 /* NetworkManager.swift in Sources */ = {isa = PBXBuildFile; fileRef = 83C84353291AAF49006DB574 /* NetworkManager.swift */; };
		83F2F382291A52AB00788398 /* AppDelegate.swift in Sources */ = {isa = PBXBuildFile; fileRef = 83F2F381291A52AB00788398 /* AppDelegate.swift */; };
		83F2F384291A52AB00788398 /* SceneDelegate.swift in Sources */ = {isa = PBXBuildFile; fileRef = 83F2F383291A52AB00788398 /* SceneDelegate.swift */; };
		83F2F386291A52AB00788398 /* MovieInfoViewController.swift in Sources */ = {isa = PBXBuildFile; fileRef = 83F2F385291A52AB00788398 /* MovieInfoViewController.swift */; };
		83F2F389291A52AB00788398 /* Main.storyboard in Resources */ = {isa = PBXBuildFile; fileRef = 83F2F387291A52AB00788398 /* Main.storyboard */; };
		83F2F38B291A52AB00788398 /* Assets.xcassets in Resources */ = {isa = PBXBuildFile; fileRef = 83F2F38A291A52AB00788398 /* Assets.xcassets */; };
		83F2F38E291A52AB00788398 /* LaunchScreen.storyboard in Resources */ = {isa = PBXBuildFile; fileRef = 83F2F38C291A52AB00788398 /* LaunchScreen.storyboard */; };
		83F2F39E291A54F400788398 /* Movie.swift in Sources */ = {isa = PBXBuildFile; fileRef = 83F2F39D291A54F400788398 /* Movie.swift */; };
		83F2F3A0291A667900788398 /* MainViewController.swift in Sources */ = {isa = PBXBuildFile; fileRef = 83F2F39F291A667900788398 /* MainViewController.swift */; };
		83F2F3A2291A708900788398 /* MovieCell.swift in Sources */ = {isa = PBXBuildFile; fileRef = 83F2F3A1291A708900788398 /* MovieCell.swift */; };
/* End PBXBuildFile section */

/* Begin PBXFileReference section */
		83C84353291AAF49006DB574 /* NetworkManager.swift */ = {isa = PBXFileReference; lastKnownFileType = sourcecode.swift; path = NetworkManager.swift; sourceTree = "<group>"; };
		83F2F37E291A52AB00788398 /* IMDbMovies.app */ = {isa = PBXFileReference; explicitFileType = wrapper.application; includeInIndex = 0; path = IMDbMovies.app; sourceTree = BUILT_PRODUCTS_DIR; };
		83F2F381291A52AB00788398 /* AppDelegate.swift */ = {isa = PBXFileReference; lastKnownFileType = sourcecode.swift; path = AppDelegate.swift; sourceTree = "<group>"; };
		83F2F383291A52AB00788398 /* SceneDelegate.swift */ = {isa = PBXFileReference; lastKnownFileType = sourcecode.swift; path = SceneDelegate.swift; sourceTree = "<group>"; };
		83F2F385291A52AB00788398 /* MovieInfoViewController.swift */ = {isa = PBXFileReference; lastKnownFileType = sourcecode.swift; path = MovieInfoViewController.swift; sourceTree = "<group>"; };
		83F2F388291A52AB00788398 /* Base */ = {isa = PBXFileReference; lastKnownFileType = file.storyboard; name = Base; path = Base.lproj/Main.storyboard; sourceTree = "<group>"; };
		83F2F38A291A52AB00788398 /* Assets.xcassets */ = {isa = PBXFileReference; lastKnownFileType = folder.assetcatalog; path = Assets.xcassets; sourceTree = "<group>"; };
		83F2F38D291A52AB00788398 /* Base */ = {isa = PBXFileReference; lastKnownFileType = file.storyboard; name = Base; path = Base.lproj/LaunchScreen.storyboard; sourceTree = "<group>"; };
		83F2F38F291A52AB00788398 /* Info.plist */ = {isa = PBXFileReference; lastKnownFileType = text.plist.xml; path = Info.plist; sourceTree = "<group>"; };
		83F2F39D291A54F400788398 /* Movie.swift */ = {isa = PBXFileReference; lastKnownFileType = sourcecode.swift; path = Movie.swift; sourceTree = "<group>"; };
		83F2F39F291A667900788398 /* MainViewController.swift */ = {isa = PBXFileReference; lastKnownFileType = sourcecode.swift; path = MainViewController.swift; sourceTree = "<group>"; };
		83F2F3A1291A708900788398 /* MovieCell.swift */ = {isa = PBXFileReference; lastKnownFileType = sourcecode.swift; path = MovieCell.swift; sourceTree = "<group>"; };
/* End PBXFileReference section */

/* Begin PBXFrameworksBuildPhase section */
		83F2F37B291A52AB00788398 /* Frameworks */ = {
			isa = PBXFrameworksBuildPhase;
			buildActionMask = 2147483647;
			files = (
			);
			runOnlyForDeploymentPostprocessing = 0;
		};
/* End PBXFrameworksBuildPhase section */

/* Begin PBXGroup section */
		83F2F375291A52AB00788398 = {
			isa = PBXGroup;
			children = (
				83F2F380291A52AB00788398 /* IMDbMovies */,
				83F2F37F291A52AB00788398 /* Products */,
			);
			sourceTree = "<group>";
		};
		83F2F37F291A52AB00788398 /* Products */ = {
			isa = PBXGroup;
			children = (
				83F2F37E291A52AB00788398 /* IMDbMovies.app */,
			);
			name = Products;
			sourceTree = "<group>";
		};
		83F2F380291A52AB00788398 /* IMDbMovies */ = {
			isa = PBXGroup;
			children = (
				83F2F397291A52FE00788398 /* App */,
				83F2F39C291A534400788398 /* Services */,
				83F2F39A291A532800788398 /* Models */,
				83F2F39B291A533900788398 /* Views */,
				83F2F398291A530B00788398 /* ViewControllers */,
				83F2F396291A52EF00788398 /* Storyboard */,
				83F2F395291A52CE00788398 /* Resources */,
			);
			path = IMDbMovies;
			sourceTree = "<group>";
		};
		83F2F395291A52CE00788398 /* Resources */ = {
			isa = PBXGroup;
			children = (
				83F2F38A291A52AB00788398 /* Assets.xcassets */,
			);
			path = Resources;
			sourceTree = "<group>";
		};
		83F2F396291A52EF00788398 /* Storyboard */ = {
			isa = PBXGroup;
			children = (
				83F2F387291A52AB00788398 /* Main.storyboard */,
				83F2F38C291A52AB00788398 /* LaunchScreen.storyboard */,
			);
			path = Storyboard;
			sourceTree = "<group>";
		};
		83F2F397291A52FE00788398 /* App */ = {
			isa = PBXGroup;
			children = (
				83F2F381291A52AB00788398 /* AppDelegate.swift */,
				83F2F383291A52AB00788398 /* SceneDelegate.swift */,
				83F2F38F291A52AB00788398 /* Info.plist */,
			);
			path = App;
			sourceTree = "<group>";
		};
		83F2F398291A530B00788398 /* ViewControllers */ = {
			isa = PBXGroup;
			children = (
				83F2F39F291A667900788398 /* MainViewController.swift */,
				83F2F385291A52AB00788398 /* MovieInfoViewController.swift */,
			);
			path = ViewControllers;
			sourceTree = "<group>";
		};
		83F2F39A291A532800788398 /* Models */ = {
			isa = PBXGroup;
			children = (
				83F2F39D291A54F400788398 /* Movie.swift */,
			);
			path = Models;
			sourceTree = "<group>";
		};
		83F2F39B291A533900788398 /* Views */ = {
			isa = PBXGroup;
			children = (
				83F2F3A1291A708900788398 /* MovieCell.swift */,
			);
			path = Views;
			sourceTree = "<group>";
		};
		83F2F39C291A534400788398 /* Services */ = {
			isa = PBXGroup;
			children = (
				83C84353291AAF49006DB574 /* NetworkManager.swift */,
			);
			path = Services;
			sourceTree = "<group>";
		};
/* End PBXGroup section */

/* Begin PBXNativeTarget section */
		83F2F37D291A52AB00788398 /* IMDbMovies */ = {
			isa = PBXNativeTarget;
			buildConfigurationList = 83F2F392291A52AB00788398 /* Build configuration list for PBXNativeTarget "IMDbMovies" */;
			buildPhases = (
				83F2F37A291A52AB00788398 /* Sources */,
				83F2F37B291A52AB00788398 /* Frameworks */,
				83F2F37C291A52AB00788398 /* Resources */,
			);
			buildRules = (
			);
			dependencies = (
			);
			name = IMDbMovies;
			productName = IMDbMovies;
			productReference = 83F2F37E291A52AB00788398 /* IMDbMovies.app */;
			productType = "com.apple.product-type.application";
		};
/* End PBXNativeTarget section */

/* Begin PBXProject section */
		83F2F376291A52AB00788398 /* Project object */ = {
			isa = PBXProject;
			attributes = {
				BuildIndependentTargetsInParallel = 1;
				LastSwiftUpdateCheck = 1400;
				LastUpgradeCheck = 1400;
				TargetAttributes = {
					83F2F37D291A52AB00788398 = {
						CreatedOnToolsVersion = 14.0;
					};
				};
			};
			buildConfigurationList = 83F2F379291A52AB00788398 /* Build configuration list for PBXProject "IMDbMovies" */;
			compatibilityVersion = "Xcode 14.0";
			developmentRegion = en;
			hasScannedForEncodings = 0;
			knownRegions = (
				en,
				Base,
			);
			mainGroup = 83F2F375291A52AB00788398;
			productRefGroup = 83F2F37F291A52AB00788398 /* Products */;
			projectDirPath = "";
			projectRoot = "";
			targets = (
				83F2F37D291A52AB00788398 /* IMDbMovies */,
			);
		};
/* End PBXProject section */

/* Begin PBXResourcesBuildPhase section */
		83F2F37C291A52AB00788398 /* Resources */ = {
			isa = PBXResourcesBuildPhase;
			buildActionMask = 2147483647;
			files = (
				83F2F38E291A52AB00788398 /* LaunchScreen.storyboard in Resources */,
				83F2F38B291A52AB00788398 /* Assets.xcassets in Resources */,
				83F2F389291A52AB00788398 /* Main.storyboard in Resources */,
			);
			runOnlyForDeploymentPostprocessing = 0;
		};
/* End PBXResourcesBuildPhase section */

/* Begin PBXSourcesBuildPhase section */
		83F2F37A291A52AB00788398 /* Sources */ = {
			isa = PBXSourcesBuildPhase;
			buildActionMask = 2147483647;
			files = (
				83F2F386291A52AB00788398 /* MovieInfoViewController.swift in Sources */,
				83F2F39E291A54F400788398 /* Movie.swift in Sources */,
				83F2F3A2291A708900788398 /* MovieCell.swift in Sources */,
				83C84354291AAF49006DB574 /* NetworkManager.swift in Sources */,
				83F2F382291A52AB00788398 /* AppDelegate.swift in Sources */,
				83F2F384291A52AB00788398 /* SceneDelegate.swift in Sources */,
				83F2F3A0291A667900788398 /* MainViewController.swift in Sources */,
			);
			runOnlyForDeploymentPostprocessing = 0;
		};
/* End PBXSourcesBuildPhase section */

/* Begin PBXVariantGroup section */
		83F2F387291A52AB00788398 /* Main.storyboard */ = {
			isa = PBXVariantGroup;
			children = (
				83F2F388291A52AB00788398 /* Base */,
			);
			name = Main.storyboard;
			sourceTree = "<group>";
		};
		83F2F38C291A52AB00788398 /* LaunchScreen.storyboard */ = {
			isa = PBXVariantGroup;
			children = (
				83F2F38D291A52AB00788398 /* Base */,
			);
			name = LaunchScreen.storyboard;
			sourceTree = "<group>";
		};
/* End PBXVariantGroup section */

/* Begin XCBuildConfiguration section */
		83F2F390291A52AB00788398 /* Debug */ = {
			isa = XCBuildConfiguration;
			buildSettings = {
				ALWAYS_SEARCH_USER_PATHS = NO;
				CLANG_ANALYZER_NONNULL = YES;
				CLANG_ANALYZER_NUMBER_OBJECT_CONVERSION = YES_AGGRESSIVE;
				CLANG_CXX_LANGUAGE_STANDARD = "gnu++20";
				CLANG_ENABLE_MODULES = YES;
				CLANG_ENABLE_OBJC_ARC = YES;
				CLANG_ENABLE_OBJC_WEAK = YES;
				CLANG_WARN_BLOCK_CAPTURE_AUTORELEASING = YES;
				CLANG_WARN_BOOL_CONVERSION = YES;
				CLANG_WARN_COMMA = YES;
				CLANG_WARN_CONSTANT_CONVERSION = YES;
				CLANG_WARN_DEPRECATED_OBJC_IMPLEMENTATIONS = YES;
				CLANG_WARN_DIRECT_OBJC_ISA_USAGE = YES_ERROR;
				CLANG_WARN_DOCUMENTATION_COMMENTS = YES;
				CLANG_WARN_EMPTY_BODY = YES;
				CLANG_WARN_ENUM_CONVERSION = YES;
				CLANG_WARN_INFINITE_RECURSION = YES;
				CLANG_WARN_INT_CONVERSION = YES;
				CLANG_WARN_NON_LITERAL_NULL_CONVERSION = YES;
				CLANG_WARN_OBJC_IMPLICIT_RETAIN_SELF = YES;
				CLANG_WARN_OBJC_LITERAL_CONVERSION = YES;
				CLANG_WARN_OBJC_ROOT_CLASS = YES_ERROR;
				CLANG_WARN_QUOTED_INCLUDE_IN_FRAMEWORK_HEADER = YES;
				CLANG_WARN_RANGE_LOOP_ANALYSIS = YES;
				CLANG_WARN_STRICT_PROTOTYPES = YES;
				CLANG_WARN_SUSPICIOUS_MOVE = YES;
				CLANG_WARN_UNGUARDED_AVAILABILITY = YES_AGGRESSIVE;
				CLANG_WARN_UNREACHABLE_CODE = YES;
				CLANG_WARN__DUPLICATE_METHOD_MATCH = YES;
				COPY_PHASE_STRIP = NO;
				DEBUG_INFORMATION_FORMAT = dwarf;
				ENABLE_STRICT_OBJC_MSGSEND = YES;
				ENABLE_TESTABILITY = YES;
				GCC_C_LANGUAGE_STANDARD = gnu11;
				GCC_DYNAMIC_NO_PIC = NO;
				GCC_NO_COMMON_BLOCKS = YES;
				GCC_OPTIMIZATION_LEVEL = 0;
				GCC_PREPROCESSOR_DEFINITIONS = (
					"DEBUG=1",
					"$(inherited)",
				);
				GCC_WARN_64_TO_32_BIT_CONVERSION = YES;
				GCC_WARN_ABOUT_RETURN_TYPE = YES_ERROR;
				GCC_WARN_UNDECLARED_SELECTOR = YES;
				GCC_WARN_UNINITIALIZED_AUTOS = YES_AGGRESSIVE;
				GCC_WARN_UNUSED_FUNCTION = YES;
				GCC_WARN_UNUSED_VARIABLE = YES;
				IPHONEOS_DEPLOYMENT_TARGET = 16.0;
				MTL_ENABLE_DEBUG_INFO = INCLUDE_SOURCE;
				MTL_FAST_MATH = YES;
				ONLY_ACTIVE_ARCH = YES;
				SDKROOT = iphoneos;
				SWIFT_ACTIVE_COMPILATION_CONDITIONS = DEBUG;
				SWIFT_OPTIMIZATION_LEVEL = "-Onone";
			};
			name = Debug;
		};
		83F2F391291A52AB00788398 /* Release */ = {
			isa = XCBuildConfiguration;
			buildSettings = {
				ALWAYS_SEARCH_USER_PATHS = NO;
				CLANG_ANALYZER_NONNULL = YES;
				CLANG_ANALYZER_NUMBER_OBJECT_CONVERSION = YES_AGGRESSIVE;
				CLANG_CXX_LANGUAGE_STANDARD = "gnu++20";
				CLANG_ENABLE_MODULES = YES;
				CLANG_ENABLE_OBJC_ARC = YES;
				CLANG_ENABLE_OBJC_WEAK = YES;
				CLANG_WARN_BLOCK_CAPTURE_AUTORELEASING = YES;
				CLANG_WARN_BOOL_CONVERSION = YES;
				CLANG_WARN_COMMA = YES;
				CLANG_WARN_CONSTANT_CONVERSION = YES;
				CLANG_WARN_DEPRECATED_OBJC_IMPLEMENTATIONS = YES;
				CLANG_WARN_DIRECT_OBJC_ISA_USAGE = YES_ERROR;
				CLANG_WARN_DOCUMENTATION_COMMENTS = YES;
				CLANG_WARN_EMPTY_BODY = YES;
				CLANG_WARN_ENUM_CONVERSION = YES;
				CLANG_WARN_INFINITE_RECURSION = YES;
				CLANG_WARN_INT_CONVERSION = YES;
				CLANG_WARN_NON_LITERAL_NULL_CONVERSION = YES;
				CLANG_WARN_OBJC_IMPLICIT_RETAIN_SELF = YES;
				CLANG_WARN_OBJC_LITERAL_CONVERSION = YES;
				CLANG_WARN_OBJC_ROOT_CLASS = YES_ERROR;
				CLANG_WARN_QUOTED_INCLUDE_IN_FRAMEWORK_HEADER = YES;
				CLANG_WARN_RANGE_LOOP_ANALYSIS = YES;
				CLANG_WARN_STRICT_PROTOTYPES = YES;
				CLANG_WARN_SUSPICIOUS_MOVE = YES;
				CLANG_WARN_UNGUARDED_AVAILABILITY = YES_AGGRESSIVE;
				CLANG_WARN_UNREACHABLE_CODE = YES;
				CLANG_WARN__DUPLICATE_METHOD_MATCH = YES;
				COPY_PHASE_STRIP = NO;
				DEBUG_INFORMATION_FORMAT = "dwarf-with-dsym";
				ENABLE_NS_ASSERTIONS = NO;
				ENABLE_STRICT_OBJC_MSGSEND = YES;
				GCC_C_LANGUAGE_STANDARD = gnu11;
				GCC_NO_COMMON_BLOCKS = YES;
				GCC_WARN_64_TO_32_BIT_CONVERSION = YES;
				GCC_WARN_ABOUT_RETURN_TYPE = YES_ERROR;
				GCC_WARN_UNDECLARED_SELECTOR = YES;
				GCC_WARN_UNINITIALIZED_AUTOS = YES_AGGRESSIVE;
				GCC_WARN_UNUSED_FUNCTION = YES;
				GCC_WARN_UNUSED_VARIABLE = YES;
				IPHONEOS_DEPLOYMENT_TARGET = 16.0;
				MTL_ENABLE_DEBUG_INFO = NO;
				MTL_FAST_MATH = YES;
				SDKROOT = iphoneos;
				SWIFT_COMPILATION_MODE = wholemodule;
				SWIFT_OPTIMIZATION_LEVEL = "-O";
				VALIDATE_PRODUCT = YES;
			};
			name = Release;
		};
		83F2F393291A52AB00788398 /* Debug */ = {
			isa = XCBuildConfiguration;
			buildSettings = {
				ASSETCATALOG_COMPILER_APPICON_NAME = AppIcon;
				ASSETCATALOG_COMPILER_GLOBAL_ACCENT_COLOR_NAME = AccentColor;
				CODE_SIGN_STYLE = Automatic;
				CURRENT_PROJECT_VERSION = 1;
				GENERATE_INFOPLIST_FILE = YES;
				INFOPLIST_FILE = IMDbMovies/App/Info.plist;
				INFOPLIST_KEY_UIApplicationSupportsIndirectInputEvents = YES;
				INFOPLIST_KEY_UILaunchStoryboardName = LaunchScreen;
				INFOPLIST_KEY_UIMainStoryboardFile = Main;
				INFOPLIST_KEY_UISupportedInterfaceOrientations_iPad = "UIInterfaceOrientationPortrait UIInterfaceOrientationPortraitUpsideDown UIInterfaceOrientationLandscapeLeft UIInterfaceOrientationLandscapeRight";
				INFOPLIST_KEY_UISupportedInterfaceOrientations_iPhone = "UIInterfaceOrientationPortrait UIInterfaceOrientationLandscapeLeft UIInterfaceOrientationLandscapeRight";
				IPHONEOS_DEPLOYMENT_TARGET = 15.0;
				LD_RUNPATH_SEARCH_PATHS = (
					"$(inherited)",
					"@executable_path/Frameworks",
				);
				MARKETING_VERSION = 1.0;
				PRODUCT_BUNDLE_IDENTIFIER = ru.swiftbook.IMDbMovies;
				PRODUCT_NAME = "$(TARGET_NAME)";
				SUPPORTED_PLATFORMS = "iphoneos iphonesimulator";
				SUPPORTS_MACCATALYST = NO;
				SUPPORTS_MAC_DESIGNED_FOR_IPHONE_IPAD = NO;
				SWIFT_EMIT_LOC_STRINGS = YES;
				SWIFT_VERSION = 5.0;
				TARGETED_DEVICE_FAMILY = 1;
			};
			name = Debug;
		};
		83F2F394291A52AB00788398 /* Release */ = {
			isa = XCBuildConfiguration;
			buildSettings = {
				ASSETCATALOG_COMPILER_APPICON_NAME = AppIcon;
				ASSETCATALOG_COMPILER_GLOBAL_ACCENT_COLOR_NAME = AccentColor;
				CODE_SIGN_STYLE = Automatic;
				CURRENT_PROJECT_VERSION = 1;
				GENERATE_INFOPLIST_FILE = YES;
				INFOPLIST_FILE = IMDbMovies/App/Info.plist;
				INFOPLIST_KEY_UIApplicationSupportsIndirectInputEvents = YES;
				INFOPLIST_KEY_UILaunchStoryboardName = LaunchScreen;
				INFOPLIST_KEY_UIMainStoryboardFile = Main;
				INFOPLIST_KEY_UISupportedInterfaceOrientations_iPad = "UIInterfaceOrientationPortrait UIInterfaceOrientationPortraitUpsideDown UIInterfaceOrientationLandscapeLeft UIInterfaceOrientationLandscapeRight";
				INFOPLIST_KEY_UISupportedInterfaceOrientations_iPhone = "UIInterfaceOrientationPortrait UIInterfaceOrientationLandscapeLeft UIInterfaceOrientationLandscapeRight";
				IPHONEOS_DEPLOYMENT_TARGET = 15.0;
				LD_RUNPATH_SEARCH_PATHS = (
					"$(inherited)",
					"@executable_path/Frameworks",
				);
				MARKETING_VERSION = 1.0;
				PRODUCT_BUNDLE_IDENTIFIER = ru.swiftbook.IMDbMovies;
				PRODUCT_NAME = "$(TARGET_NAME)";
				SUPPORTED_PLATFORMS = "iphoneos iphonesimulator";
				SUPPORTS_MACCATALYST = NO;
				SUPPORTS_MAC_DESIGNED_FOR_IPHONE_IPAD = NO;
				SWIFT_EMIT_LOC_STRINGS = YES;
				SWIFT_VERSION = 5.0;
				TARGETED_DEVICE_FAMILY = 1;
			};
			name = Release;
		};
/* End XCBuildConfiguration section */

/* Begin XCConfigurationList section */
		83F2F379291A52AB00788398 /* Build configuration list for PBXProject "IMDbMovies" */ = {
			isa = XCConfigurationList;
			buildConfigurations = (
				83F2F390291A52AB00788398 /* Debug */,
				83F2F391291A52AB00788398 /* Release */,
			);
			defaultConfigurationIsVisible = 0;
			defaultConfigurationName = Release;
		};
		83F2F392291A52AB00788398 /* Build configuration list for PBXNativeTarget "IMDbMovies" */ = {
			isa = XCConfigurationList;
			buildConfigurations = (
				83F2F393291A52AB00788398 /* Debug */,
				83F2F394291A52AB00788398 /* Release */,
			);
			defaultConfigurationIsVisible = 0;
			defaultConfigurationName = Release;
		};
/* End XCConfigurationList section */
	};
	rootObject = 83F2F376291A52AB00788398 /* Project object */;
}
